<?xml version="1.0" encoding="UTF-8" standalone="yes" ?>
<CodeBlocks_project_file>
	<FileVersion major="1" minor="6" />
	<Project>
		<Option title="PomemeonServer" />
		<Option pch_mode="2" />
		<Option compiler="gcc" />
		<Build>
			<Target title="Debug">
				<Option output="bin/PomemeonServer" prefix_auto="1" extension_auto="1" />
				<Option working_dir="bin/" />
				<Option object_output="obj/Debug/" />
				<Option type="1" />
				<Option compiler="gcc" />
				<Compiler>
					<Add option="-std=c++11" />
					<Add option="-g" />
				</Compiler>
				<Linker>
					<Add option="-static-libstdc++" />
					<Add option="-static-libgcc" />
					<Add option="-static" />
					<Add library="sfml-graphics-s" />
					<Add library="sfml-window-s" />
					<Add library="sfml-audio-s" />
					<Add library="sfml-network-s" />
					<Add library="sfml-system-s" />
					<Add library="sfml-main" />
					<Add library="opengl32" />
					<Add library="freetype" />
					<Add library="jpeg" />
					<Add library="winmm" />
					<Add library="gdi32" />
					<Add library="openal32" />
					<Add library="flac" />
					<Add library="vorbisenc" />
					<Add library="vorbisfile" />
					<Add library="vorbis" />
					<Add library="ogg" />
					<Add library="ws2_32" />
				</Linker>
			</Target>
			<Target title="Release">
				<Option output="bin/PomemeonServer" prefix_auto="1" extension_auto="1" />
				<Option working_dir="bin/" />
				<Option object_output="obj/Release/" />
				<Option type="1" />
				<Option compiler="gcc" />
				<Compiler>
					<Add option="-O2" />
					<Add option="-std=c++11" />
				</Compiler>
				<Linker>
					<Add option="-s" />
					<Add option="-static-libstdc++" />
					<Add option="-static-libgcc" />
					<Add option="-static" />
					<Add library="sfml-graphics-s" />
					<Add library="sfml-window-s" />
					<Add library="sfml-audio-s" />
					<Add library="sfml-network-s" />
					<Add library="sfml-system-s" />
					<Add library="sfml-main" />
					<Add library="opengl32" />
					<Add library="freetype" />
					<Add library="jpeg" />
					<Add library="winmm" />
					<Add library="gdi32" />
					<Add library="openal32" />
					<Add library="flac" />
					<Add library="vorbisenc" />
					<Add library="vorbisfile" />
					<Add library="vorbis" />
					<Add library="ogg" />
					<Add library="ws2_32" />
				</Linker>
			</Target>
		</Build>
		<Compiler>
			<Add option="-Wall" />
			<Add option="-DSFML_STATIC" />
			<Add directory="F:/C++/LIBY/SFML-2.4.2-sources/SFML-2.4.2/include" />
		</Compiler>
		<Linker>
			<Add directory="F:/C++/LIBY/SFML-2.4.2-BUILD/lib" />
			<Add directory="F:/C++/LIBY/SFML-2.4.2-sources/SFML-2.4.2/extlibs/libs-mingw/x64" />
		</Linker>
		<Unit filename="GPSCoords.cpp" />
		<Unit filename="GPSCoords.hpp" />
		<Unit filename="Game/CashStat.hpp" />
		<Unit filename="Game/Player.cpp" />
		<Unit filename="Game/Player.hpp" />
		<Unit filename="Game/Pomemeon.cpp" />
		<Unit filename="Game/Pomemeon.hpp" />
		<Unit filename="Game/PomemeonType.cpp" />
		<Unit filename="Game/PomemeonType.hpp" />
		<Unit filename="History/HistoryObject.hpp" />
		<Unit filename="Network/Client.hpp" />
		<Unit filename="Network/Command.cpp" />
		<Unit filename="Network/Command.hpp" />
		<Unit filename="PMSServer.cpp" />
		<Unit filename="PMSServer.hpp" />
		<Unit filename="Util/DataFile.cpp" />
		<Unit filename="Util/DataFile.hpp" />
		<Unit filename="config.cpp" />
		<Unit filename="config.hpp" />
		<Unit filename="main.cpp" />
		<Extensions>
			<code_completion />
			<envvars />
			<debugger />
			<lib_finder disable_auto="1" />
		</Extensions>
	</Project>
</CodeBlocks_project_file>
